
Microsoft Visual Studio Solution File, Format Version 12.00
# Visual Studio 14
VisualStudioVersion = 14.0.23107.0
MinimumVisualStudioVersion = 10.0.40219.1
Project("{FAE04EC0-301F-11D3-BF4B-00C04F79EFBC}") = "ChartComponent", "ChartComponent\ChartComponent.csproj", "{E5D6011E-B123-4974-9915-A7E505761EB1}"
EndProject
Project("{FAE04EC0-301F-11D3-BF4B-00C04F79EFBC}") = "TreeComponent", "TreeComponent\TreeComponent.csproj", "{BD19DA28-5941-4D35-890E-781392819BA7}"
EndProject
Project("{FAE04EC0-301F-11D3-BF4B-00C04F79EFBC}") = "MainComponent", "MainComponent\MainComponent.csproj", "{B588A7EE-AB9B-47C4-8F1C-ED9C376DA8B5}"
EndProject
Global
	GlobalSection(SolutionConfigurationPlatforms) = preSolution
		Debug|Any CPU = Debug|Any CPU
		Release|Any CPU = Release|Any CPU
	EndGlobalSection
	GlobalSection(ProjectConfigurationPlatforms) = postSolution
		{E5D6011E-B123-4974-9915-A7E505761EB1}.Debug|Any CPU.ActiveCfg = Debug|Any CPU
		{E5D6011E-B123-4974-9915-A7E505761EB1}.Debug|Any CPU.Build.0 = Debug|Any CPU
		{E5D6011E-B123-4974-9915-A7E505761EB1}.Release|Any CPU.ActiveCfg = Release|Any CPU
		{E5D6011E-B123-4974-9915-A7E505761EB1}.Release|Any CPU.Build.0 = Release|Any CPU
		{BD19DA28-5941-4D35-890E-781392819BA7}.Debug|Any CPU.ActiveCfg = Debug|Any CPU
		{BD19DA28-5941-4D35-890E-781392819BA7}.Debug|Any CPU.Build.0 = Debug|Any CPU
		{BD19DA28-5941-4D35-890E-781392819BA7}.Release|Any CPU.ActiveCfg = Release|Any CPU
		{BD19DA28-5941-4D35-890E-781392819BA7}.Release|Any CPU.Build.0 = Release|Any CPU
		{B588A7EE-AB9B-47C4-8F1C-ED9C376DA8B5}.Debug|Any CPU.ActiveCfg = Debug|Any CPU
		{B588A7EE-AB9B-47C4-8F1C-ED9C376DA8B5}.Debug|Any CPU.Build.0 = Debug|Any CPU
		{B588A7EE-AB9B-47C4-8F1C-ED9C376DA8B5}.Release|Any CPU.ActiveCfg = Release|Any CPU
		{B588A7EE-AB9B-47C4-8F1C-ED9C376DA8B5}.Release|Any CPU.Build.0 = Release|Any CPU
	EndGlobalSection
	GlobalSection(SolutionProperties) = preSolution
		HideSolutionNode = FALSE
	EndGlobalSection
EndGlobal
